
Microsoft Visual Studio Solution File, Format Version 12.00
# Visual Studio Version 17
VisualStudioVersion = 17.14.36429.23 d17.14
MinimumVisualStudioVersion = 10.0.40219.1
Project("{2150E333-8FDC-42A3-9474-1A3956D46DE8}") = "Task0", "Task0", "{02EA681E-C7D8-13C7-8484-4AC65E1B71E8}"
EndProject
Project("{2150E333-8FDC-42A3-9474-1A3956D46DE8}") = "Task1", "Task1", "{FEA8D56D-E088-4A4A-9F2F-184B4483835E}"
EndProject
Project("{2150E333-8FDC-42A3-9474-1A3956D46DE8}") = "Task2", "Task2", "{58EF8D8D-9256-442C-B6B1-2388F15E463B}"
EndProject
Project("{2150E333-8FDC-42A3-9474-1A3956D46DE8}") = "Task3", "Task3", "{4DC848D7-3CB6-484A-BEBB-5FC6C5D30992}"
EndProject
Project("{2150E333-8FDC-42A3-9474-1A3956D46DE8}") = "Task4", "Task4", "{CB67E3B9-DB10-4DF0-B6B7-993EBC9BEA7C}"
EndProject
Project("{2150E333-8FDC-42A3-9474-1A3956D46DE8}") = "Task5", "Task5", "{DA23CC75-D028-4912-93A5-A8C5BF9C1CFB}"
EndProject
Project("{2150E333-8FDC-42A3-9474-1A3956D46DE8}") = "Task6", "Task6", "{FDB4C1DB-C807-47D8-8AF5-0D08AC3ECA25}"
EndProject
Project("{2150E333-8FDC-42A3-9474-1A3956D46DE8}") = "Task7", "Task7", "{01ABAC41-F2C2-41C8-A0B3-EBE248715B53}"
EndProject
Project("{FAE04EC0-301F-11D3-BF4B-00C04F79EFBC}") = "Tyuiu.FlyagID.Sprint4.Task0.V17", "Tyuiu.FlyagID.Sprint4.Task0.V17\Tyuiu.FlyagID.Sprint4.Task0.V17.csproj", "{3CB9460D-DC63-4C8B-B920-756793D61D2A}"
EndProject
Project("{FAE04EC0-301F-11D3-BF4B-00C04F79EFBC}") = "Tyuiu.FlyagID.Sprint4.Task0.V17.Lib", "Tyuiu.FlyagID.Sprint4.Task0.V17.Lib\Tyuiu.FlyagID.Sprint4.Task0.V17.Lib.csproj", "{5B4AB888-03D9-4849-835C-34A46C4091BD}"
EndProject
Project("{FAE04EC0-301F-11D3-BF4B-00C04F79EFBC}") = "Tyuiu.FlyagID.Sprint4.Task0.V17.Test", "Tyuiu.FlyagID.Sprint4.Task0.V17.Test\Tyuiu.FlyagID.Sprint4.Task0.V17.Test.csproj", "{B91D4E16-1816-4EDA-A71A-3469C65980D4}"
EndProject
Project("{FAE04EC0-301F-11D3-BF4B-00C04F79EFBC}") = "Tyuiu.FlyagID.Sprint4.Task1.V18", "Tyuiu.FlyagID.Sprint4.Task1.V18\Tyuiu.FlyagID.Sprint4.Task1.V18.csproj", "{1B9F330E-7128-4279-B6FB-857EEB4150C7}"
EndProject
Project("{FAE04EC0-301F-11D3-BF4B-00C04F79EFBC}") = "Tyuiu.FlyagID.Sprint4.Task1.V18.Lib", "Tyuiu.FlyagID.Sprint4.Task1.V18.Lib\Tyuiu.FlyagID.Sprint4.Task1.V18.Lib.csproj", "{10F4B763-816B-472D-A94F-CE674F7ECBC5}"
EndProject
Project("{FAE04EC0-301F-11D3-BF4B-00C04F79EFBC}") = "Tyuiu.FlyagID.Sprint4.Task1.V18.Test", "Tyuiu.FlyagID.Sprint4.Task1.V18.Test\Tyuiu.FlyagID.Sprint4.Task1.V18.Test.csproj", "{C544F667-692A-4E0A-AEDF-1DC91698AC8B}"
EndProject
Project("{FAE04EC0-301F-11D3-BF4B-00C04F79EFBC}") = "Tyuiu.FlyagID.Sprint4.Task2.V7", "Tyuiu.FlyagID.Sprint4.Task2.V7\Tyuiu.FlyagID.Sprint4.Task2.V7.csproj", "{FB1A20E7-9BA7-4E03-8571-D5EE6EBE1D9B}"
EndProject
Project("{FAE04EC0-301F-11D3-BF4B-00C04F79EFBC}") = "Tyuiu.FlyagID.Sprint4.Task2.V7.Lib", "Tyuiu.FlyagID.Sprint4.Task2.V7.Lib\Tyuiu.FlyagID.Sprint4.Task2.V7.Lib.csproj", "{06219CF3-6EC9-4C51-A39B-C64610EF430F}"
EndProject
Project("{FAE04EC0-301F-11D3-BF4B-00C04F79EFBC}") = "Tyuiu.FlyagID.Sprint4.Task2.V7.Test", "Tyuiu.FlyagID.Sprint4.Task2.V7.Test\Tyuiu.FlyagID.Sprint4.Task2.V7.Test.csproj", "{17C27BB8-7F66-41F9-B58A-B3EAC49E768C}"
EndProject
Project("{FAE04EC0-301F-11D3-BF4B-00C04F79EFBC}") = "Tyuiu.FlyagID.Sprint4.Task3.V1", "Tyuiu.FlyagID.Sprint4.Task3.V1\Tyuiu.FlyagID.Sprint4.Task3.V1.csproj", "{75F949A8-A053-43D1-9F3B-C96747C0A43C}"
EndProject
Project("{FAE04EC0-301F-11D3-BF4B-00C04F79EFBC}") = "Tyuiu.FlyagID.Sprint4.Task3.V1.Lib", "Tyuiu.FlyagID.Sprint4.Task3.V1.Lib\Tyuiu.FlyagID.Sprint4.Task3.V1.Lib.csproj", "{887598AA-2152-4275-BAF9-BE5717412C15}"
EndProject
Project("{FAE04EC0-301F-11D3-BF4B-00C04F79EFBC}") = "Tyuiu.FlyagID.Sprint4.Task3.V1.Test", "Tyuiu.FlyagID.Sprint4.Task3.V1.Test\Tyuiu.FlyagID.Sprint4.Task3.V1.Test.csproj", "{FD843D58-473D-4D9D-A139-2BF6857728D4}"
EndProject
Project("{FAE04EC0-301F-11D3-BF4B-00C04F79EFBC}") = "Tyuiu.FlyagID.Sprint4.Task4.V25", "Tyuiu.FlyagID.Sprint4.Task4.V25\Tyuiu.FlyagID.Sprint4.Task4.V25.csproj", "{8D06E5BA-AB9A-4B60-8C08-ED90053BAE83}"
EndProject
Project("{FAE04EC0-301F-11D3-BF4B-00C04F79EFBC}") = "Tyuiu.FlyagID.Sprint4.Task4.V25.Lib", "Tyuiu.FlyagID.Sprint4.Task4.V25.Lib\Tyuiu.FlyagID.Sprint4.Task4.V25.Lib.csproj", "{9F14CC57-3217-4298-989D-C3135AFA7108}"
EndProject
Project("{FAE04EC0-301F-11D3-BF4B-00C04F79EFBC}") = "Tyuiu.FlyagID.Sprint4.Task4.V25.Test", "Tyuiu.FlyagID.Sprint4.Task4.V25.Test\Tyuiu.FlyagID.Sprint4.Task4.V25.Test.csproj", "{99EC4F45-9A5C-47A8-8A57-90A050207A22}"
EndProject
Project("{FAE04EC0-301F-11D3-BF4B-00C04F79EFBC}") = "Tyuiu.FlyagID.Sprint4.Task5.V1", "Tyuiu.FlyagID.Sprint4.Task5.V1\Tyuiu.FlyagID.Sprint4.Task5.V1.csproj", "{83BF71B8-C37A-4B53-8288-B1A3D402AB44}"
EndProject
Project("{FAE04EC0-301F-11D3-BF4B-00C04F79EFBC}") = "Tyuiu.FlyagID.Sprint4.Task5.V1.Lib", "Tyuiu.FlyagID.Sprint4.Task5.V1.Lib\Tyuiu.FlyagID.Sprint4.Task5.V1.Lib.csproj", "{2E9DE480-C13F-40F9-9A33-3B1E05E9205C}"
EndProject
Project("{FAE04EC0-301F-11D3-BF4B-00C04F79EFBC}") = "Tyuiu.FlyagID.Sprint4.Task5.V1.Test", "Tyuiu.FlyagID.Sprint4.Task5.V1.Test\Tyuiu.FlyagID.Sprint4.Task5.V1.Test.csproj", "{49E3C617-C91A-47FA-813B-58A59E5AF560}"
EndProject
Project("{FAE04EC0-301F-11D3-BF4B-00C04F79EFBC}") = "Tyuiu.FlyagID.Sprint4.Task6.V28", "Tyuiu.FlyagID.Sprint4.Task6.V28\Tyuiu.FlyagID.Sprint4.Task6.V28.csproj", "{502588A6-6CD0-4700-84AF-B0654D9A5C83}"
EndProject
Project("{FAE04EC0-301F-11D3-BF4B-00C04F79EFBC}") = "Tyuiu.FlyagID.Sprint4.Task6.V28.Lib", "Tyuiu.FlyagID.Sprint4.Task6.V28.Lib\Tyuiu.FlyagID.Sprint4.Task6.V28.Lib.csproj", "{85FCF3CA-73BC-4D21-8F73-4A056B419EC1}"
EndProject
Project("{FAE04EC0-301F-11D3-BF4B-00C04F79EFBC}") = "Tyuiu.FlyagID.Sprint4.Task6.V28.Test", "Tyuiu.FlyagID.Sprint4.Task6.V28.Test\Tyuiu.FlyagID.Sprint4.Task6.V28.Test.csproj", "{51176FF6-16DE-4D16-8033-AD43655CA9B6}"
EndProject
Project("{FAE04EC0-301F-11D3-BF4B-00C04F79EFBC}") = "Tyuiu.FlyagID.Sprint4.Task7.V24", "Tyuiu.FlyagID.Sprint4.Task7.V24\Tyuiu.FlyagID.Sprint4.Task7.V24.csproj", "{1572874A-14C5-43C5-8470-A95E00BCE4F3}"
EndProject
Project("{FAE04EC0-301F-11D3-BF4B-00C04F79EFBC}") = "Tyuiu.FlyagID.Sprint4.Task7.V24.Lib", "Tyuiu.FlyagID.Sprint4.Task7.V24.Lib\Tyuiu.FlyagID.Sprint4.Task7.V24.Lib.csproj", "{76BE497E-2CB9-41F9-9650-D5BAFCA25BC0}"
EndProject
Project("{FAE04EC0-301F-11D3-BF4B-00C04F79EFBC}") = "Tyuiu.FlyagID.Sprint4.Task7.V24.Test", "Tyuiu.FlyagID.Sprint4.Task7.V24.Test\Tyuiu.FlyagID.Sprint4.Task7.V24.Test.csproj", "{BE736F2B-DA7E-401C-B33A-5430DCDE5308}"
EndProject
Global
	GlobalSection(SolutionConfigurationPlatforms) = preSolution
		Debug|Any CPU = Debug|Any CPU
		Release|Any CPU = Release|Any CPU
	EndGlobalSection
	GlobalSection(ProjectConfigurationPlatforms) = postSolution
		{3CB9460D-DC63-4C8B-B920-756793D61D2A}.Debug|Any CPU.ActiveCfg = Debug|Any CPU
		{3CB9460D-DC63-4C8B-B920-756793D61D2A}.Debug|Any CPU.Build.0 = Debug|Any CPU
		{3CB9460D-DC63-4C8B-B920-756793D61D2A}.Release|Any CPU.ActiveCfg = Release|Any CPU
		{3CB9460D-DC63-4C8B-B920-756793D61D2A}.Release|Any CPU.Build.0 = Release|Any CPU
		{5B4AB888-03D9-4849-835C-34A46C4091BD}.Debug|Any CPU.ActiveCfg = Debug|Any CPU
		{5B4AB888-03D9-4849-835C-34A46C4091BD}.Debug|Any CPU.Build.0 = Debug|Any CPU
		{5B4AB888-03D9-4849-835C-34A46C4091BD}.Release|Any CPU.ActiveCfg = Release|Any CPU
		{5B4AB888-03D9-4849-835C-34A46C4091BD}.Release|Any CPU.Build.0 = Release|Any CPU
		{B91D4E16-1816-4EDA-A71A-3469C65980D4}.Debug|Any CPU.ActiveCfg = Debug|Any CPU
		{B91D4E16-1816-4EDA-A71A-3469C65980D4}.Debug|Any CPU.Build.0 = Debug|Any CPU
		{B91D4E16-1816-4EDA-A71A-3469C65980D4}.Release|Any CPU.ActiveCfg = Release|Any CPU
		{B91D4E16-1816-4EDA-A71A-3469C65980D4}.Release|Any CPU.Build.0 = Release|Any CPU
		{1B9F330E-7128-4279-B6FB-857EEB4150C7}.Debug|Any CPU.ActiveCfg = Debug|Any CPU
		{1B9F330E-7128-4279-B6FB-857EEB4150C7}.Debug|Any CPU.Build.0 = Debug|Any CPU
		{1B9F330E-7128-4279-B6FB-857EEB4150C7}.Release|Any CPU.ActiveCfg = Release|Any CPU
		{1B9F330E-7128-4279-B6FB-857EEB4150C7}.Release|Any CPU.Build.0 = Release|Any CPU
		{10F4B763-816B-472D-A94F-CE674F7ECBC5}.Debug|Any CPU.ActiveCfg = Debug|Any CPU
		{10F4B763-816B-472D-A94F-CE674F7ECBC5}.Debug|Any CPU.Build.0 = Debug|Any CPU
		{10F4B763-816B-472D-A94F-CE674F7ECBC5}.Release|Any CPU.ActiveCfg = Release|Any CPU
		{10F4B763-816B-472D-A94F-CE674F7ECBC5}.Release|Any CPU.Build.0 = Release|Any CPU
		{C544F667-692A-4E0A-AEDF-1DC91698AC8B}.Debug|Any CPU.ActiveCfg = Debug|Any CPU
		{C544F667-692A-4E0A-AEDF-1DC91698AC8B}.Debug|Any CPU.Build.0 = Debug|Any CPU
		{C544F667-692A-4E0A-AEDF-1DC91698AC8B}.Release|Any CPU.ActiveCfg = Release|Any CPU
		{C544F667-692A-4E0A-AEDF-1DC91698AC8B}.Release|Any CPU.Build.0 = Release|Any CPU
		{FB1A20E7-9BA7-4E03-8571-D5EE6EBE1D9B}.Debug|Any CPU.ActiveCfg = Debug|Any CPU
		{FB1A20E7-9BA7-4E03-8571-D5EE6EBE1D9B}.Debug|Any CPU.Build.0 = Debug|Any CPU
		{FB1A20E7-9BA7-4E03-8571-D5EE6EBE1D9B}.Release|Any CPU.ActiveCfg = Release|Any CPU
		{FB1A20E7-9BA7-4E03-8571-D5EE6EBE1D9B}.Release|Any CPU.Build.0 = Release|Any CPU
		{06219CF3-6EC9-4C51-A39B-C64610EF430F}.Debug|Any CPU.ActiveCfg = Debug|Any CPU
		{06219CF3-6EC9-4C51-A39B-C64610EF430F}.Debug|Any CPU.Build.0 = Debug|Any CPU
		{06219CF3-6EC9-4C51-A39B-C64610EF430F}.Release|Any CPU.ActiveCfg = Release|Any CPU
		{06219CF3-6EC9-4C51-A39B-C64610EF430F}.Release|Any CPU.Build.0 = Release|Any CPU
		{17C27BB8-7F66-41F9-B58A-B3EAC49E768C}.Debug|Any CPU.ActiveCfg = Debug|Any CPU
		{17C27BB8-7F66-41F9-B58A-B3EAC49E768C}.Debug|Any CPU.Build.0 = Debug|Any CPU
		{17C27BB8-7F66-41F9-B58A-B3EAC49E768C}.Release|Any CPU.ActiveCfg = Release|Any CPU
		{17C27BB8-7F66-41F9-B58A-B3EAC49E768C}.Release|Any CPU.Build.0 = Release|Any CPU
		{75F949A8-A053-43D1-9F3B-C96747C0A43C}.Debug|Any CPU.ActiveCfg = Debug|Any CPU
		{75F949A8-A053-43D1-9F3B-C96747C0A43C}.Debug|Any CPU.Build.0 = Debug|Any CPU
		{75F949A8-A053-43D1-9F3B-C96747C0A43C}.Release|Any CPU.ActiveCfg = Release|Any CPU
		{75F949A8-A053-43D1-9F3B-C96747C0A43C}.Release|Any CPU.Build.0 = Release|Any CPU
		{887598AA-2152-4275-BAF9-BE5717412C15}.Debug|Any CPU.ActiveCfg = Debug|Any CPU
		{887598AA-2152-4275-BAF9-BE5717412C15}.Debug|Any CPU.Build.0 = Debug|Any CPU
		{887598AA-2152-4275-BAF9-BE5717412C15}.Release|Any CPU.ActiveCfg = Release|Any CPU
		{887598AA-2152-4275-BAF9-BE5717412C15}.Release|Any CPU.Build.0 = Release|Any CPU
		{FD843D58-473D-4D9D-A139-2BF6857728D4}.Debug|Any CPU.ActiveCfg = Debug|Any CPU
		{FD843D58-473D-4D9D-A139-2BF6857728D4}.Debug|Any CPU.Build.0 = Debug|Any CPU
		{FD843D58-473D-4D9D-A139-2BF6857728D4}.Release|Any CPU.ActiveCfg = Release|Any CPU
		{FD843D58-473D-4D9D-A139-2BF6857728D4}.Release|Any CPU.Build.0 = Release|Any CPU
		{8D06E5BA-AB9A-4B60-8C08-ED90053BAE83}.Debug|Any CPU.ActiveCfg = Debug|Any CPU
		{8D06E5BA-AB9A-4B60-8C08-ED90053BAE83}.Debug|Any CPU.Build.0 = Debug|Any CPU
		{8D06E5BA-AB9A-4B60-8C08-ED90053BAE83}.Release|Any CPU.ActiveCfg = Release|Any CPU
		{8D06E5BA-AB9A-4B60-8C08-ED90053BAE83}.Release|Any CPU.Build.0 = Release|Any CPU
		{9F14CC57-3217-4298-989D-C3135AFA7108}.Debug|Any CPU.ActiveCfg = Debug|Any CPU
		{9F14CC57-3217-4298-989D-C3135AFA7108}.Debug|Any CPU.Build.0 = Debug|Any CPU
		{9F14CC57-3217-4298-989D-C3135AFA7108}.Release|Any CPU.ActiveCfg = Release|Any CPU
		{9F14CC57-3217-4298-989D-C3135AFA7108}.Release|Any CPU.Build.0 = Release|Any CPU
		{99EC4F45-9A5C-47A8-8A57-90A050207A22}.Debug|Any CPU.ActiveCfg = Debug|Any CPU
		{99EC4F45-9A5C-47A8-8A57-90A050207A22}.Debug|Any CPU.Build.0 = Debug|Any CPU
		{99EC4F45-9A5C-47A8-8A57-90A050207A22}.Release|Any CPU.ActiveCfg = Release|Any CPU
		{99EC4F45-9A5C-47A8-8A57-90A050207A22}.Release|Any CPU.Build.0 = Release|Any CPU
		{83BF71B8-C37A-4B53-8288-B1A3D402AB44}.Debug|Any CPU.ActiveCfg = Debug|Any CPU
		{83BF71B8-C37A-4B53-8288-B1A3D402AB44}.Debug|Any CPU.Build.0 = Debug|Any CPU
		{83BF71B8-C37A-4B53-8288-B1A3D402AB44}.Release|Any CPU.ActiveCfg = Release|Any CPU
		{83BF71B8-C37A-4B53-8288-B1A3D402AB44}.Release|Any CPU.Build.0 = Release|Any CPU
		{2E9DE480-C13F-40F9-9A33-3B1E05E9205C}.Debug|Any CPU.ActiveCfg = Debug|Any CPU
		{2E9DE480-C13F-40F9-9A33-3B1E05E9205C}.Debug|Any CPU.Build.0 = Debug|Any CPU
		{2E9DE480-C13F-40F9-9A33-3B1E05E9205C}.Release|Any CPU.ActiveCfg = Release|Any CPU
		{2E9DE480-C13F-40F9-9A33-3B1E05E9205C}.Release|Any CPU.Build.0 = Release|Any CPU
		{49E3C617-C91A-47FA-813B-58A59E5AF560}.Debug|Any CPU.ActiveCfg = Debug|Any CPU
		{49E3C617-C91A-47FA-813B-58A59E5AF560}.Debug|Any CPU.Build.0 = Debug|Any CPU
		{49E3C617-C91A-47FA-813B-58A59E5AF560}.Release|Any CPU.ActiveCfg = Release|Any CPU
		{49E3C617-C91A-47FA-813B-58A59E5AF560}.Release|Any CPU.Build.0 = Release|Any CPU
		{502588A6-6CD0-4700-84AF-B0654D9A5C83}.Debug|Any CPU.ActiveCfg = Debug|Any CPU
		{502588A6-6CD0-4700-84AF-B0654D9A5C83}.Debug|Any CPU.Build.0 = Debug|Any CPU
		{502588A6-6CD0-4700-84AF-B0654D9A5C83}.Release|Any CPU.ActiveCfg = Release|Any CPU
		{502588A6-6CD0-4700-84AF-B0654D9A5C83}.Release|Any CPU.Build.0 = Release|Any CPU
		{85FCF3CA-73BC-4D21-8F73-4A056B419EC1}.Debug|Any CPU.ActiveCfg = Debug|Any CPU
		{85FCF3CA-73BC-4D21-8F73-4A056B419EC1}.Debug|Any CPU.Build.0 = Debug|Any CPU
		{85FCF3CA-73BC-4D21-8F73-4A056B419EC1}.Release|Any CPU.ActiveCfg = Release|Any CPU
		{85FCF3CA-73BC-4D21-8F73-4A056B419EC1}.Release|Any CPU.Build.0 = Release|Any CPU
		{51176FF6-16DE-4D16-8033-AD43655CA9B6}.Debug|Any CPU.ActiveCfg = Debug|Any CPU
		{51176FF6-16DE-4D16-8033-AD43655CA9B6}.Debug|Any CPU.Build.0 = Debug|Any CPU
		{51176FF6-16DE-4D16-8033-AD43655CA9B6}.Release|Any CPU.ActiveCfg = Release|Any CPU
		{51176FF6-16DE-4D16-8033-AD43655CA9B6}.Release|Any CPU.Build.0 = Release|Any CPU
		{1572874A-14C5-43C5-8470-A95E00BCE4F3}.Debug|Any CPU.ActiveCfg = Debug|Any CPU
		{1572874A-14C5-43C5-8470-A95E00BCE4F3}.Debug|Any CPU.Build.0 = Debug|Any CPU
		{1572874A-14C5-43C5-8470-A95E00BCE4F3}.Release|Any CPU.ActiveCfg = Release|Any CPU
		{1572874A-14C5-43C5-8470-A95E00BCE4F3}.Release|Any CPU.Build.0 = Release|Any CPU
		{76BE497E-2CB9-41F9-9650-D5BAFCA25BC0}.Debug|Any CPU.ActiveCfg = Debug|Any CPU
		{76BE497E-2CB9-41F9-9650-D5BAFCA25BC0}.Debug|Any CPU.Build.0 = Debug|Any CPU
		{76BE497E-2CB9-41F9-9650-D5BAFCA25BC0}.Release|Any CPU.ActiveCfg = Release|Any CPU
		{76BE497E-2CB9-41F9-9650-D5BAFCA25BC0}.Release|Any CPU.Build.0 = Release|Any CPU
		{BE736F2B-DA7E-401C-B33A-5430DCDE5308}.Debug|Any CPU.ActiveCfg = Debug|Any CPU
		{BE736F2B-DA7E-401C-B33A-5430DCDE5308}.Debug|Any CPU.Build.0 = Debug|Any CPU
		{BE736F2B-DA7E-401C-B33A-5430DCDE5308}.Release|Any CPU.ActiveCfg = Release|Any CPU
		{BE736F2B-DA7E-401C-B33A-5430DCDE5308}.Release|Any CPU.Build.0 = Release|Any CPU
	EndGlobalSection
	GlobalSection(SolutionProperties) = preSolution
		HideSolutionNode = FALSE
	EndGlobalSection
	GlobalSection(NestedProjects) = preSolution
		{3CB9460D-DC63-4C8B-B920-756793D61D2A} = {02EA681E-C7D8-13C7-8484-4AC65E1B71E8}
		{5B4AB888-03D9-4849-835C-34A46C4091BD} = {02EA681E-C7D8-13C7-8484-4AC65E1B71E8}
		{B91D4E16-1816-4EDA-A71A-3469C65980D4} = {02EA681E-C7D8-13C7-8484-4AC65E1B71E8}
		{1B9F330E-7128-4279-B6FB-857EEB4150C7} = {FEA8D56D-E088-4A4A-9F2F-184B4483835E}
		{10F4B763-816B-472D-A94F-CE674F7ECBC5} = {FEA8D56D-E088-4A4A-9F2F-184B4483835E}
		{C544F667-692A-4E0A-AEDF-1DC91698AC8B} = {FEA8D56D-E088-4A4A-9F2F-184B4483835E}
		{FB1A20E7-9BA7-4E03-8571-D5EE6EBE1D9B} = {58EF8D8D-9256-442C-B6B1-2388F15E463B}
		{06219CF3-6EC9-4C51-A39B-C64610EF430F} = {58EF8D8D-9256-442C-B6B1-2388F15E463B}
		{17C27BB8-7F66-41F9-B58A-B3EAC49E768C} = {58EF8D8D-9256-442C-B6B1-2388F15E463B}
		{75F949A8-A053-43D1-9F3B-C96747C0A43C} = {4DC848D7-3CB6-484A-BEBB-5FC6C5D30992}
		{887598AA-2152-4275-BAF9-BE5717412C15} = {4DC848D7-3CB6-484A-BEBB-5FC6C5D30992}
		{FD843D58-473D-4D9D-A139-2BF6857728D4} = {4DC848D7-3CB6-484A-BEBB-5FC6C5D30992}
		{8D06E5BA-AB9A-4B60-8C08-ED90053BAE83} = {CB67E3B9-DB10-4DF0-B6B7-993EBC9BEA7C}
		{9F14CC57-3217-4298-989D-C3135AFA7108} = {CB67E3B9-DB10-4DF0-B6B7-993EBC9BEA7C}
		{99EC4F45-9A5C-47A8-8A57-90A050207A22} = {CB67E3B9-DB10-4DF0-B6B7-993EBC9BEA7C}
		{83BF71B8-C37A-4B53-8288-B1A3D402AB44} = {DA23CC75-D028-4912-93A5-A8C5BF9C1CFB}
		{2E9DE480-C13F-40F9-9A33-3B1E05E9205C} = {DA23CC75-D028-4912-93A5-A8C5BF9C1CFB}
		{49E3C617-C91A-47FA-813B-58A59E5AF560} = {DA23CC75-D028-4912-93A5-A8C5BF9C1CFB}
		{502588A6-6CD0-4700-84AF-B0654D9A5C83} = {FDB4C1DB-C807-47D8-8AF5-0D08AC3ECA25}
		{85FCF3CA-73BC-4D21-8F73-4A056B419EC1} = {FDB4C1DB-C807-47D8-8AF5-0D08AC3ECA25}
		{51176FF6-16DE-4D16-8033-AD43655CA9B6} = {FDB4C1DB-C807-47D8-8AF5-0D08AC3ECA25}
		{1572874A-14C5-43C5-8470-A95E00BCE4F3} = {01ABAC41-F2C2-41C8-A0B3-EBE248715B53}
		{76BE497E-2CB9-41F9-9650-D5BAFCA25BC0} = {01ABAC41-F2C2-41C8-A0B3-EBE248715B53}
		{BE736F2B-DA7E-401C-B33A-5430DCDE5308} = {01ABAC41-F2C2-41C8-A0B3-EBE248715B53}
	EndGlobalSection
	GlobalSection(ExtensibilityGlobals) = postSolution
		SolutionGuid = {9E7A7DB0-67C3-456A-BDE3-13908B07432B}
	EndGlobalSection
EndGlobal
